// !$*UTF8*$!
{
	archiveVersion = 1;
	classes = {
	};
	objectVersion = 50;
	objects = {

/* Begin PBXBuildFile section */
		E2A9CA932507E31A004098BF /* AppDelegate.swift in Sources */ = {isa = PBXBuildFile; fileRef = E2A9CA922507E31A004098BF /* AppDelegate.swift */; };
		E2A9CA952507E31A004098BF /* SceneDelegate.swift in Sources */ = {isa = PBXBuildFile; fileRef = E2A9CA942507E31A004098BF /* SceneDelegate.swift */; };
		E2A9CA972507E31A004098BF /* ViewController.swift in Sources */ = {isa = PBXBuildFile; fileRef = E2A9CA962507E31A004098BF /* ViewController.swift */; };
		E2A9CA9A2507E31A004098BF /* Main.storyboard in Resources */ = {isa = PBXBuildFile; fileRef = E2A9CA982507E31A004098BF /* Main.storyboard */; };
		E2A9CA9C2507E321004098BF /* Assets.xcassets in Resources */ = {isa = PBXBuildFile; fileRef = E2A9CA9B2507E321004098BF /* Assets.xcassets */; };
		E2A9CA9F2507E321004098BF /* LaunchScreen.storyboard in Resources */ = {isa = PBXBuildFile; fileRef = E2A9CA9D2507E321004098BF /* LaunchScreen.storyboard */; };
		E2A9CAAA2507E321004098BF /* countTests.swift in Sources */ = {isa = PBXBuildFile; fileRef = E2A9CAA92507E321004098BF /* countTests.swift */; };
		E2A9CAB52507E321004098BF /* countUITests.swift in Sources */ = {isa = PBXBuildFile; fileRef = E2A9CAB42507E321004098BF /* countUITests.swift */; };
/* End PBXBuildFile section */

/* Begin PBXContainerItemProxy section */
		E2A9CAA62507E321004098BF /* PBXContainerItemProxy */ = {
			isa = PBXContainerItemProxy;
			containerPortal = E2A9CA872507E31A004098BF /* Project object */;
			proxyType = 1;
			remoteGlobalIDString = E2A9CA8E2507E31A004098BF;
			remoteInfo = count;
		};
		E2A9CAB12507E321004098BF /* PBXContainerItemProxy */ = {
			isa = PBXContainerItemProxy;
			containerPortal = E2A9CA872507E31A004098BF /* Project object */;
			proxyType = 1;
			remoteGlobalIDString = E2A9CA8E2507E31A004098BF;
			remoteInfo = count;
		};
/* End PBXContainerItemProxy section */

/* Begin PBXFileReference section */
		E2A9CA8F2507E31A004098BF /* count.app */ = {isa = PBXFileReference; explicitFileType = wrapper.application; includeInIndex = 0; path = count.app; sourceTree = BUILT_PRODUCTS_DIR; };
		E2A9CA922507E31A004098BF /* AppDelegate.swift */ = {isa = PBXFileReference; lastKnownFileType = sourcecode.swift; path = AppDelegate.swift; sourceTree = "<group>"; };
		E2A9CA942507E31A004098BF /* SceneDelegate.swift */ = {isa = PBXFileReference; lastKnownFileType = sourcecode.swift; path = SceneDelegate.swift; sourceTree = "<group>"; };
		E2A9CA962507E31A004098BF /* ViewController.swift */ = {isa = PBXFileReference; lastKnownFileType = sourcecode.swift; path = ViewController.swift; sourceTree = "<group>"; };
		E2A9CA992507E31A004098BF /* Base */ = {isa = PBXFileReference; lastKnownFileType = file.storyboard; name = Base; path = Base.lproj/Main.storyboard; sourceTree = "<group>"; };
		E2A9CA9B2507E321004098BF /* Assets.xcassets */ = {isa = PBXFileReference; lastKnownFileType = folder.assetcatalog; path = Assets.xcassets; sourceTree = "<group>"; };
		E2A9CA9E2507E321004098BF /* Base */ = {isa = PBXFileReference; lastKnownFileType = file.storyboard; name = Base; path = Base.lproj/LaunchScreen.storyboard; sourceTree = "<group>"; };
		E2A9CAA02507E321004098BF /* Info.plist */ = {isa = PBXFileReference; lastKnownFileType = text.plist.xml; path = Info.plist; sourceTree = "<group>"; };
		E2A9CAA52507E321004098BF /* countTests.xctest */ = {isa = PBXFileReference; explicitFileType = wrapper.cfbundle; includeInIndex = 0; path = countTests.xctest; sourceTree = BUILT_PRODUCTS_DIR; };
		E2A9CAA92507E321004098BF /* countTests.swift */ = {isa = PBXFileReference; lastKnownFileType = sourcecode.swift; path = countTests.swift; sourceTree = "<group>"; };
		E2A9CAAB2507E321004098BF /* Info.plist */ = {isa = PBXFileReference; lastKnownFileType = text.plist.xml; path = Info.plist; sourceTree = "<group>"; };
		E2A9CAB02507E321004098BF /* countUITests.xctest */ = {isa = PBXFileReference; explicitFileType = wrapper.cfbundle; includeInIndex = 0; path = countUITests.xctest; sourceTree = BUILT_PRODUCTS_DIR; };
		E2A9CAB42507E321004098BF /* countUITests.swift */ = {isa = PBXFileReference; lastKnownFileType = sourcecode.swift; path = countUITests.swift; sourceTree = "<group>"; };
		E2A9CAB62507E321004098BF /* Info.plist */ = {isa = PBXFileReference; lastKnownFileType = text.plist.xml; path = Info.plist; sourceTree = "<group>"; };
/* End PBXFileReference section */

/* Begin PBXFrameworksBuildPhase section */
		E2A9CA8C2507E31A004098BF /* Frameworks */ = {
			isa = PBXFrameworksBuildPhase;
			buildActionMask = 2147483647;
			files = (
			);
			runOnlyForDeploymentPostprocessing = 0;
		};
		E2A9CAA22507E321004098BF /* Frameworks */ = {
			isa = PBXFrameworksBuildPhase;
			buildActionMask = 2147483647;
			files = (
			);
			runOnlyForDeploymentPostprocessing = 0;
		};
		E2A9CAAD2507E321004098BF /* Frameworks */ = {
			isa = PBXFrameworksBuildPhase;
			buildActionMask = 2147483647;
			files = (
			);
			runOnlyForDeploymentPostprocessing = 0;
		};
/* End PBXFrameworksBuildPhase section */

/* Begin PBXGroup section */
		E2A9CA862507E31A004098BF = {
			isa = PBXGroup;
			children = (
				E2A9CA912507E31A004098BF /* count */,
				E2A9CAA82507E321004098BF /* countTests */,
				E2A9CAB32507E321004098BF /* countUITests */,
				E2A9CA902507E31A004098BF /* Products */,
			);
			sourceTree = "<group>";
		};
		E2A9CA902507E31A004098BF /* Products */ = {
			isa = PBXGroup;
			children = (
				E2A9CA8F2507E31A004098BF /* count.app */,
				E2A9CAA52507E321004098BF /* countTests.xctest */,
				E2A9CAB02507E321004098BF /* countUITests.xctest */,
			);
			name = Products;
			sourceTree = "<group>";
		};
		E2A9CA912507E31A004098BF /* count */ = {
			isa = PBXGroup;
			children = (
				E2A9CA922507E31A004098BF /* AppDelegate.swift */,
				E2A9CA942507E31A004098BF /* SceneDelegate.swift */,
				E2A9CA962507E31A004098BF /* ViewController.swift */,
				E2A9CA982507E31A004098BF /* Main.storyboard */,
				E2A9CA9B2507E321004098BF /* Assets.xcassets */,
				E2A9CA9D2507E321004098BF /* LaunchScreen.storyboard */,
				E2A9CAA02507E321004098BF /* Info.plist */,
			);
			path = count;
			sourceTree = "<group>";
		};
		E2A9CAA82507E321004098BF /* countTests */ = {
			isa = PBXGroup;
			children = (
				E2A9CAA92507E321004098BF /* countTests.swift */,
				E2A9CAAB2507E321004098BF /* Info.plist */,
			);
			path = countTests;
			sourceTree = "<group>";
		};
		E2A9CAB32507E321004098BF /* countUITests */ = {
			isa = PBXGroup;
			children = (
				E2A9CAB42507E321004098BF /* countUITests.swift */,
				E2A9CAB62507E321004098BF /* Info.plist */,
			);
			path = countUITests;
			sourceTree = "<group>";
		};
/* End PBXGroup section */

/* Begin PBXNativeTarget section */
		E2A9CA8E2507E31A004098BF /* count */ = {
			isa = PBXNativeTarget;
			buildConfigurationList = E2A9CAB92507E321004098BF /* Build configuration list for PBXNativeTarget "count" */;
			buildPhases = (
				E2A9CA8B2507E31A004098BF /* Sources */,
				E2A9CA8C2507E31A004098BF /* Frameworks */,
				E2A9CA8D2507E31A004098BF /* Resources */,
			);
			buildRules = (
			);
			dependencies = (
			);
			name = count;
			productName = count;
			productReference = E2A9CA8F2507E31A004098BF /* count.app */;
			productType = "com.apple.product-type.application";
		};
		E2A9CAA42507E321004098BF /* countTests */ = {
			isa = PBXNativeTarget;
			buildConfigurationList = E2A9CABC2507E321004098BF /* Build configuration list for PBXNativeTarget "countTests" */;
			buildPhases = (
				E2A9CAA12507E321004098BF /* Sources */,
				E2A9CAA22507E321004098BF /* Frameworks */,
				E2A9CAA32507E321004098BF /* Resources */,
			);
			buildRules = (
			);
			dependencies = (
				E2A9CAA72507E321004098BF /* PBXTargetDependency */,
			);
			name = countTests;
			productName = countTests;
			productReference = E2A9CAA52507E321004098BF /* countTests.xctest */;
			productType = "com.apple.product-type.bundle.unit-test";
		};
		E2A9CAAF2507E321004098BF /* countUITests */ = {
			isa = PBXNativeTarget;
			buildConfigurationList = E2A9CABF2507E321004098BF /* Build configuration list for PBXNativeTarget "countUITests" */;
			buildPhases = (
				E2A9CAAC2507E321004098BF /* Sources */,
				E2A9CAAD2507E321004098BF /* Frameworks */,
				E2A9CAAE2507E321004098BF /* Resources */,
			);
			buildRules = (
			);
			dependencies = (
				E2A9CAB22507E321004098BF /* PBXTargetDependency */,
			);
			name = countUITests;
			productName = countUITests;
			productReference = E2A9CAB02507E321004098BF /* countUITests.xctest */;
			productType = "com.apple.product-type.bundle.ui-testing";
		};
/* End PBXNativeTarget section */

/* Begin PBXProject section */
		E2A9CA872507E31A004098BF /* Project object */ = {
			isa = PBXProject;
			attributes = {
				LastSwiftUpdateCheck = 1170;
				LastUpgradeCheck = 1170;
				ORGANIZATIONNAME = "古田翔太郎";
				TargetAttributes = {
					E2A9CA8E2507E31A004098BF = {
						CreatedOnToolsVersion = 11.7;
					};
					E2A9CAA42507E321004098BF = {
						CreatedOnToolsVersion = 11.7;
						TestTargetID = E2A9CA8E2507E31A004098BF;
					};
					E2A9CAAF2507E321004098BF = {
						CreatedOnToolsVersion = 11.7;
						TestTargetID = E2A9CA8E2507E31A004098BF;
					};
				};
			};
			buildConfigurationList = E2A9CA8A2507E31A004098BF /* Build configuration list for PBXProject "count" */;
			compatibilityVersion = "Xcode 9.3";
			developmentRegion = en;
			hasScannedForEncodings = 0;
			knownRegions = (
				en,
				Base,
			);
			mainGroup = E2A9CA862507E31A004098BF;
			productRefGroup = E2A9CA902507E31A004098BF /* Products */;
			projectDirPath = "";
			projectRoot = "";
			targets = (
				E2A9CA8E2507E31A004098BF /* count */,
				E2A9CAA42507E321004098BF /* countTests */,
				E2A9CAAF2507E321004098BF /* countUITests */,
			);
		};
/* End PBXProject section */

/* Begin PBXResourcesBuildPhase section */
		E2A9CA8D2507E31A004098BF /* Resources */ = {
			isa = PBXResourcesBuildPhase;
			buildActionMask = 2147483647;
			files = (
				E2A9CA9F2507E321004098BF /* LaunchScreen.storyboard in Resources */,
				E2A9CA9C2507E321004098BF /* Assets.xcassets in Resources */,
				E2A9CA9A2507E31A004098BF /* Main.storyboard in Resources */,
			);
			runOnlyForDeploymentPostprocessing = 0;
		};
		E2A9CAA32507E321004098BF /* Resources */ = {
			isa = PBXResourcesBuildPhase;
			buildActionMask = 2147483647;
			files = (
			);
			runOnlyForDeploymentPostprocessing = 0;
		};
		E2A9CAAE2507E321004098BF /* Resources */ = {
			isa = PBXResourcesBuildPhase;
			buildActionMask = 2147483647;
			files = (
			);
			runOnlyForDeploymentPostprocessing = 0;
		};
/* End PBXResourcesBuildPhase section */

/* Begin PBXSourcesBuildPhase section */
		E2A9CA8B2507E31A004098BF /* Sources */ = {
			isa = PBXSourcesBuildPhase;
			buildActionMask = 2147483647;
			files = (
				E2A9CA972507E31A004098BF /* ViewController.swift in Sources */,
				E2A9CA932507E31A004098BF /* AppDelegate.swift in Sources */,
				E2A9CA952507E31A004098BF /* SceneDelegate.swift in Sources */,
			);
			runOnlyForDeploymentPostprocessing = 0;
		};
		E2A9CAA12507E321004098BF /* Sources */ = {
			isa = PBXSourcesBuildPhase;
			buildActionMask = 2147483647;
			files = (
				E2A9CAAA2507E321004098BF /* countTests.swift in Sources */,
			);
			runOnlyForDeploymentPostprocessing = 0;
		};
		E2A9CAAC2507E321004098BF /* Sources */ = {
			isa = PBXSourcesBuildPhase;
			buildActionMask = 2147483647;
			files = (
				E2A9CAB52507E321004098BF /* countUITests.swift in Sources */,
			);
			runOnlyForDeploymentPostprocessing = 0;
		};
/* End PBXSourcesBuildPhase section */

/* Begin PBXTargetDependency section */
		E2A9CAA72507E321004098BF /* PBXTargetDependency */ = {
			isa = PBXTargetDependency;
			target = E2A9CA8E2507E31A004098BF /* count */;
			targetProxy = E2A9CAA62507E321004098BF /* PBXContainerItemProxy */;
		};
		E2A9CAB22507E321004098BF /* PBXTargetDependency */ = {
			isa = PBXTargetDependency;
			target = E2A9CA8E2507E31A004098BF /* count */;
			targetProxy = E2A9CAB12507E321004098BF /* PBXContainerItemProxy */;
		};
/* End PBXTargetDependency section */

/* Begin PBXVariantGroup section */
		E2A9CA982507E31A004098BF /* Main.storyboard */ = {
			isa = PBXVariantGroup;
			children = (
				E2A9CA992507E31A004098BF /* Base */,
			);
			name = Main.storyboard;
			sourceTree = "<group>";
		};
		E2A9CA9D2507E321004098BF /* LaunchScreen.storyboard */ = {
			isa = PBXVariantGroup;
			children = (
				E2A9CA9E2507E321004098BF /* Base */,
			);
			name = LaunchScreen.storyboard;
			sourceTree = "<group>";
		};
/* End PBXVariantGroup section */

/* Begin XCBuildConfiguration section */
		E2A9CAB72507E321004098BF /* Debug */ = {
			isa = XCBuildConfiguration;
			buildSettings = {
				ALWAYS_SEARCH_USER_PATHS = NO;
				CLANG_ANALYZER_NONNULL = YES;
				CLANG_ANALYZER_NUMBER_OBJECT_CONVERSION = YES_AGGRESSIVE;
				CLANG_CXX_LANGUAGE_STANDARD = "gnu++14";
				CLANG_CXX_LIBRARY = "libc++";
				CLANG_ENABLE_MODULES = YES;
				CLANG_ENABLE_OBJC_ARC = YES;
				CLANG_ENABLE_OBJC_WEAK = YES;
				CLANG_WARN_BLOCK_CAPTURE_AUTORELEASING = YES;
				CLANG_WARN_BOOL_CONVERSION = YES;
				CLANG_WARN_COMMA = YES;
				CLANG_WARN_CONSTANT_CONVERSION = YES;
				CLANG_WARN_DEPRECATED_OBJC_IMPLEMENTATIONS = YES;
				CLANG_WARN_DIRECT_OBJC_ISA_USAGE = YES_ERROR;
				CLANG_WARN_DOCUMENTATION_COMMENTS = YES;
				CLANG_WARN_EMPTY_BODY = YES;
				CLANG_WARN_ENUM_CONVERSION = YES;
				CLANG_WARN_INFINITE_RECURSION = YES;
				CLANG_WARN_INT_CONVERSION = YES;
				CLANG_WARN_NON_LITERAL_NULL_CONVERSION = YES;
				CLANG_WARN_OBJC_IMPLICIT_RETAIN_SELF = YES;
				CLANG_WARN_OBJC_LITERAL_CONVERSION = YES;
				CLANG_WARN_OBJC_ROOT_CLASS = YES_ERROR;
				CLANG_WARN_RANGE_LOOP_ANALYSIS = YES;
				CLANG_WARN_STRICT_PROTOTYPES = YES;
				CLANG_WARN_SUSPICIOUS_MOVE = YES;
				CLANG_WARN_UNGUARDED_AVAILABILITY = YES_AGGRESSIVE;
				CLANG_WARN_UNREACHABLE_CODE = YES;
				CLANG_WARN__DUPLICATE_METHOD_MATCH = YES;
				COPY_PHASE_STRIP = NO;
				DEBUG_INFORMATION_FORMAT = dwarf;
				ENABLE_STRICT_OBJC_MSGSEND = YES;
				ENABLE_TESTABILITY = YES;
				GCC_C_LANGUAGE_STANDARD = gnu11;
				GCC_DYNAMIC_NO_PIC = NO;
				GCC_NO_COMMON_BLOCKS = YES;
				GCC_OPTIMIZATION_LEVEL = 0;
				GCC_PREPROCESSOR_DEFINITIONS = (
					"DEBUG=1",
					"$(inherited)",
				);
				GCC_WARN_64_TO_32_BIT_CONVERSION = YES;
				GCC_WARN_ABOUT_RETURN_TYPE = YES_ERROR;
				GCC_WARN_UNDECLARED_SELECTOR = YES;
				GCC_WARN_UNINITIALIZED_AUTOS = YES_AGGRESSIVE;
				GCC_WARN_UNUSED_FUNCTION = YES;
				GCC_WARN_UNUSED_VARIABLE = YES;
				IPHONEOS_DEPLOYMENT_TARGET = 13.7;
				MTL_ENABLE_DEBUG_INFO = INCLUDE_SOURCE;
				MTL_FAST_MATH = YES;
				ONLY_ACTIVE_ARCH = YES;
				SDKROOT = iphoneos;
				SWIFT_ACTIVE_COMPILATION_CONDITIONS = DEBUG;
				SWIFT_OPTIMIZATION_LEVEL = "-Onone";
			};
			name = Debug;
		};
		E2A9CAB82507E321004098BF /* Release */ = {
			isa = XCBuildConfiguration;
			buildSettings = {
				ALWAYS_SEARCH_USER_PATHS = NO;
				CLANG_ANALYZER_NONNULL = YES;
				CLANG_ANALYZER_NUMBER_OBJECT_CONVERSION = YES_AGGRESSIVE;
				CLANG_CXX_LANGUAGE_STANDARD = "gnu++14";
				CLANG_CXX_LIBRARY = "libc++";
				CLANG_ENABLE_MODULES = YES;
				CLANG_ENABLE_OBJC_ARC = YES;
				CLANG_ENABLE_OBJC_WEAK = YES;
				CLANG_WARN_BLOCK_CAPTURE_AUTORELEASING = YES;
				CLANG_WARN_BOOL_CONVERSION = YES;
				CLANG_WARN_COMMA = YES;
				CLANG_WARN_CONSTANT_CONVERSION = YES;
				CLANG_WARN_DEPRECATED_OBJC_IMPLEMENTATIONS = YES;
				CLANG_WARN_DIRECT_OBJC_ISA_USAGE = YES_ERROR;
				CLANG_WARN_DOCUMENTATION_COMMENTS = YES;
				CLANG_WARN_EMPTY_BODY = YES;
				CLANG_WARN_ENUM_CONVERSION = YES;
				CLANG_WARN_INFINITE_RECURSION = YES;
				CLANG_WARN_INT_CONVERSION = YES;
				CLANG_WARN_NON_LITERAL_NULL_CONVERSION = YES;
				CLANG_WARN_OBJC_IMPLICIT_RETAIN_SELF = YES;
				CLANG_WARN_OBJC_LITERAL_CONVERSION = YES;
				CLANG_WARN_OBJC_ROOT_CLASS = YES_ERROR;
				CLANG_WARN_RANGE_LOOP_ANALYSIS = YES;
				CLANG_WARN_STRICT_PROTOTYPES = YES;
				CLANG_WARN_SUSPICIOUS_MOVE = YES;
				CLANG_WARN_UNGUARDED_AVAILABILITY = YES_AGGRESSIVE;
				CLANG_WARN_UNREACHABLE_CODE = YES;
				CLANG_WARN__DUPLICATE_METHOD_MATCH = YES;
				COPY_PHASE_STRIP = NO;
				DEBUG_INFORMATION_FORMAT = "dwarf-with-dsym";
				ENABLE_NS_ASSERTIONS = NO;
				ENABLE_STRICT_OBJC_MSGSEND = YES;
				GCC_C_LANGUAGE_STANDARD = gnu11;
				GCC_NO_COMMON_BLOCKS = YES;
				GCC_WARN_64_TO_32_BIT_CONVERSION = YES;
				GCC_WARN_ABOUT_RETURN_TYPE = YES_ERROR;
				GCC_WARN_UNDECLARED_SELECTOR = YES;
				GCC_WARN_UNINITIALIZED_AUTOS = YES_AGGRESSIVE;
				GCC_WARN_UNUSED_FUNCTION = YES;
				GCC_WARN_UNUSED_VARIABLE = YES;
				IPHONEOS_DEPLOYMENT_TARGET = 13.7;
				MTL_ENABLE_DEBUG_INFO = NO;
				MTL_FAST_MATH = YES;
				SDKROOT = iphoneos;
				SWIFT_COMPILATION_MODE = wholemodule;
				SWIFT_OPTIMIZATION_LEVEL = "-O";
				VALIDATE_PRODUCT = YES;
			};
			name = Release;
		};
		E2A9CABA2507E321004098BF /* Debug */ = {
			isa = XCBuildConfiguration;
			buildSettings = {
				ASSETCATALOG_COMPILER_APPICON_NAME = AppIcon;
				CODE_SIGN_STYLE = Automatic;
				INFOPLIST_FILE = count/Info.plist;
				LD_RUNPATH_SEARCH_PATHS = (
					"$(inherited)",
					"@executable_path/Frameworks",
				);
				PRODUCT_BUNDLE_IDENTIFIER = anny.count;
				PRODUCT_NAME = "$(TARGET_NAME)";
				SWIFT_VERSION = 5.0;
				TARGETED_DEVICE_FAMILY = "1,2";
			};
			name = Debug;
		};
		E2A9CABB2507E321004098BF /* Release */ = {
			isa = XCBuildConfiguration;
			buildSettings = {
				ASSETCATALOG_COMPILER_APPICON_NAME = AppIcon;
				CODE_SIGN_STYLE = Automatic;
				INFOPLIST_FILE = count/Info.plist;
				LD_RUNPATH_SEARCH_PATHS = (
					"$(inherited)",
					"@executable_path/Frameworks",
				);
				PRODUCT_BUNDLE_IDENTIFIER = anny.count;
				PRODUCT_NAME = "$(TARGET_NAME)";
				SWIFT_VERSION = 5.0;
				TARGETED_DEVICE_FAMILY = "1,2";
			};
			name = Release;
		};
		E2A9CABD2507E321004098BF /* Debug */ = {
			isa = XCBuildConfiguration;
			buildSettings = {
				ALWAYS_EMBED_SWIFT_STANDARD_LIBRARIES = YES;
				BUNDLE_LOADER = "$(TEST_HOST)";
				CODE_SIGN_STYLE = Automatic;
				INFOPLIST_FILE = countTests/Info.plist;
				IPHONEOS_DEPLOYMENT_TARGET = 13.7;
				LD_RUNPATH_SEARCH_PATHS = (
					"$(inherited)",
					"@executable_path/Frameworks",
					"@loader_path/Frameworks",
				);
				PRODUCT_BUNDLE_IDENTIFIER = anny.countTests;
				PRODUCT_NAME = "$(TARGET_NAME)";
				SWIFT_VERSION = 5.0;
				TARGETED_DEVICE_FAMILY = "1,2";
				TEST_HOST = "$(BUILT_PRODUCTS_DIR)/count.app/count";
			};
			name = Debug;
		};
		E2A9CABE2507E321004098BF /* Release */ = {
			isa = XCBuildConfiguration;
			buildSettings = {
				ALWAYS_EMBED_SWIFT_STANDARD_LIBRARIES = YES;
				BUNDLE_LOADER = "$(TEST_HOST)";
				CODE_SIGN_STYLE = Automatic;
				INFOPLIST_FILE = countTests/Info.plist;
				IPHONEOS_DEPLOYMENT_TARGET = 13.7;
				LD_RUNPATH_SEARCH_PATHS = (
					"$(inherited)",
					"@executable_path/Frameworks",
					"@loader_path/Frameworks",
				);
				PRODUCT_BUNDLE_IDENTIFIER = anny.countTests;
				PRODUCT_NAME = "$(TARGET_NAME)";
				SWIFT_VERSION = 5.0;
				TARGETED_DEVICE_FAMILY = "1,2";
				TEST_HOST = "$(BUILT_PRODUCTS_DIR)/count.app/count";
			};
			name = Release;
		};
		E2A9CAC02507E321004098BF /* Debug */ = {
			isa = XCBuildConfiguration;
			buildSettings = {
				ALWAYS_EMBED_SWIFT_STANDARD_LIBRARIES = YES;
				CODE_SIGN_STYLE = Automatic;
				INFOPLIST_FILE = countUITests/Info.plist;
				LD_RUNPATH_SEARCH_PATHS = (
					"$(inherited)",
					"@executable_path/Frameworks",
					"@loader_path/Frameworks",
				);
				PRODUCT_BUNDLE_IDENTIFIER = anny.countUITests;
				PRODUCT_NAME = "$(TARGET_NAME)";
				SWIFT_VERSION = 5.0;
				TARGETED_DEVICE_FAMILY = "1,2";
				TEST_TARGET_NAME = count;
			};
			name = Debug;
		};
		E2A9CAC12507E321004098BF /* Release */ = {
			isa = XCBuildConfiguration;
			buildSettings = {
				ALWAYS_EMBED_SWIFT_STANDARD_LIBRARIES = YES;
				CODE_SIGN_STYLE = Automatic;
				INFOPLIST_FILE = countUITests/Info.plist;
				LD_RUNPATH_SEARCH_PATHS = (
					"$(inherited)",
					"@executable_path/Frameworks",
					"@loader_path/Frameworks",
				);
				PRODUCT_BUNDLE_IDENTIFIER = anny.countUITests;
				PRODUCT_NAME = "$(TARGET_NAME)";
				SWIFT_VERSION = 5.0;
				TARGETED_DEVICE_FAMILY = "1,2";
				TEST_TARGET_NAME = count;
			};
			name = Release;
		};
/* End XCBuildConfiguration section */

/* Begin XCConfigurationList section */
		E2A9CA8A2507E31A004098BF /* Build configuration list for PBXProject "count" */ = {
			isa = XCConfigurationList;
			buildConfigurations = (
				E2A9CAB72507E321004098BF /* Debug */,
				E2A9CAB82507E321004098BF /* Release */,
			);
			defaultConfigurationIsVisible = 0;
			defaultConfigurationName = Release;
		};
		E2A9CAB92507E321004098BF /* Build configuration list for PBXNativeTarget "count" */ = {
			isa = XCConfigurationList;
			buildConfigurations = (
				E2A9CABA2507E321004098BF /* Debug */,
				E2A9CABB2507E321004098BF /* Release */,
			);
			defaultConfigurationIsVisible = 0;
			defaultConfigurationName = Release;
		};
		E2A9CABC2507E321004098BF /* Build configuration list for PBXNativeTarget "countTests" */ = {
			isa = XCConfigurationList;
			buildConfigurations = (
				E2A9CABD2507E321004098BF /* Debug */,
				E2A9CABE2507E321004098BF /* Release */,
			);
			defaultConfigurationIsVisible = 0;
			defaultConfigurationName = Release;
		};
		E2A9CABF2507E321004098BF /* Build configuration list for PBXNativeTarget "countUITests" */ = {
			isa = XCConfigurationList;
			buildConfigurations = (
				E2A9CAC02507E321004098BF /* Debug */,
				E2A9CAC12507E321004098BF /* Release */,
			);
			defaultConfigurationIsVisible = 0;
			defaultConfigurationName = Release;
		};
/* End XCConfigurationList section */
	};
	rootObject = E2A9CA872507E31A004098BF /* Project object */;
}
